{
  "name": "babylon",
  "lockfileVersion": 3,
  "requires": true,
  "packages": {
    "": {
      "dependencies": {
        "babylonjs": "^6.20.1",
        "normalize.css": "^8.0.1"
      }
    },
    "node_modules/babylonjs": {
      "version": "6.20.1",
      "resolved": "https://registry.npmjs.org/babylonjs/-/babylonjs-6.20.1.tgz",
      "integrity": "sha512-mTZziDP2+W1RxE4uSoOwfZ6hUMQJm6XXboXf+E4XxVF5tvPOkvnbBxdjjMadK9vJ/rx1whTbQMAls4wlhDWSCQ==",
      "hasInstallScript": true
    },
    "node_modules/normalize.css": {
      "version": "8.0.1",
      "resolved": "https://registry.npmjs.org/normalize.css/-/normalize.css-8.0.1.tgz",
      "integrity": "sha512-qizSNPO93t1YUuUhP22btGOo3chcvDFqFaj2TRybP0DMxkHOCTYwp3n34fel4a31ORXy4m1Xq0Gyqpb5m33qIg=="
    }
  }
}
